// !$*UTF8*$!
{
	archiveVersion = 1;
	classes = {
	};
	objectVersion = 50;
	objects = {

/* Begin PBXBuildFile section */
		F05A1BDD22A0B5CE00E6637C /* Test3v.vs in Resources */ = {isa = PBXBuildFile; fileRef = F05A1BDC22A0B5CE00E6637C /* Test3v.vs */; };
		F05A1BDF22A0B5DD00E6637C /* Test3f.fs in Resources */ = {isa = PBXBuildFile; fileRef = F05A1BDE22A0B5DD00E6637C /* Test3f.fs */; };
		F05A1BE722A0BD6500E6637C /* GLESUtils.m in Sources */ = {isa = PBXBuildFile; fileRef = F05A1BE122A0BD6500E6637C /* GLESUtils.m */; };
		F05A1BE822A0BD6500E6637C /* GLESMath.c in Sources */ = {isa = PBXBuildFile; fileRef = F05A1BE322A0BD6500E6637C /* GLESMath.c */; };
		F05A1BED22A0E02B00E6637C /* Test3VC.m in Sources */ = {isa = PBXBuildFile; fileRef = F081615B229FA7A1003FB676 /* Test3VC.m */; };
		F05A1BF322A1207900E6637C /* Test4v.vs in Resources */ = {isa = PBXBuildFile; fileRef = F05A1BF222A1207900E6637C /* Test4v.vs */; };
		F05A1BF522A1209900E6637C /* Test4f.fs in Resources */ = {isa = PBXBuildFile; fileRef = F05A1BF422A1209900E6637C /* Test4f.fs */; };
		F05A1BF822A1217C00E6637C /* Test4VC.m in Sources */ = {isa = PBXBuildFile; fileRef = F05A1BF722A1217C00E6637C /* Test4VC.m */; };
		F0815E81229F6117003FB676 /* AppDelegate.m in Sources */ = {isa = PBXBuildFile; fileRef = F0815E80229F6117003FB676 /* AppDelegate.m */; };
		F0815E84229F6117003FB676 /* ViewController.m in Sources */ = {isa = PBXBuildFile; fileRef = F0815E83229F6117003FB676 /* ViewController.m */; };
		F0815E87229F6117003FB676 /* Main.storyboard in Resources */ = {isa = PBXBuildFile; fileRef = F0815E85229F6117003FB676 /* Main.storyboard */; };
		F0815E89229F6121003FB676 /* Assets.xcassets in Resources */ = {isa = PBXBuildFile; fileRef = F0815E88229F6121003FB676 /* Assets.xcassets */; };
		F0815E8C229F6121003FB676 /* LaunchScreen.storyboard in Resources */ = {isa = PBXBuildFile; fileRef = F0815E8A229F6121003FB676 /* LaunchScreen.storyboard */; };
		F0815E8F229F6121003FB676 /* main.m in Sources */ = {isa = PBXBuildFile; fileRef = F0815E8E229F6121003FB676 /* main.m */; };
		F0816151229F6E40003FB676 /* Test1VC.m in Sources */ = {isa = PBXBuildFile; fileRef = F0816150229F6E40003FB676 /* Test1VC.m */; };
		F0816153229F6EFF003FB676 /* forTest.jpeg in Resources */ = {isa = PBXBuildFile; fileRef = F0816152229F6EFF003FB676 /* forTest.jpeg */; };
		F0816156229FA6B5003FB676 /* Test2VC.m in Sources */ = {isa = PBXBuildFile; fileRef = F0816155229FA6B5003FB676 /* Test2VC.m */; };
		F0816159229FA6CC003FB676 /* BaseVC.m in Sources */ = {isa = PBXBuildFile; fileRef = F0816158229FA6CC003FB676 /* BaseVC.m */; };
		F0816163229FA9B7003FB676 /* Test2F.fs in Resources */ = {isa = PBXBuildFile; fileRef = F0816161229FA9B7003FB676 /* Test2F.fs */; };
		F0816164229FA9B7003FB676 /* Test2V.vs in Resources */ = {isa = PBXBuildFile; fileRef = F0816162229FA9B7003FB676 /* Test2V.vs */; };
/* End PBXBuildFile section */

/* Begin PBXFileReference section */
		F05A1BDC22A0B5CE00E6637C /* Test3v.vs */ = {isa = PBXFileReference; lastKnownFileType = sourcecode.glsl; path = Test3v.vs; sourceTree = "<group>"; };
		F05A1BDE22A0B5DD00E6637C /* Test3f.fs */ = {isa = PBXFileReference; lastKnownFileType = sourcecode.glsl; path = Test3f.fs; sourceTree = "<group>"; };
		F05A1BE122A0BD6500E6637C /* GLESUtils.m */ = {isa = PBXFileReference; fileEncoding = 4; lastKnownFileType = sourcecode.c.objc; path = GLESUtils.m; sourceTree = "<group>"; };
		F05A1BE222A0BD6500E6637C /* Quaternion.h */ = {isa = PBXFileReference; fileEncoding = 4; lastKnownFileType = sourcecode.c.h; path = Quaternion.h; sourceTree = "<group>"; };
		F05A1BE322A0BD6500E6637C /* GLESMath.c */ = {isa = PBXFileReference; fileEncoding = 4; lastKnownFileType = sourcecode.c.c; path = GLESMath.c; sourceTree = "<group>"; };
		F05A1BE422A0BD6500E6637C /* GLESUtils.h */ = {isa = PBXFileReference; fileEncoding = 4; lastKnownFileType = sourcecode.c.h; path = GLESUtils.h; sourceTree = "<group>"; };
		F05A1BE522A0BD6500E6637C /* Vector.h */ = {isa = PBXFileReference; fileEncoding = 4; lastKnownFileType = sourcecode.c.h; path = Vector.h; sourceTree = "<group>"; };
		F05A1BE622A0BD6500E6637C /* GLESMath.h */ = {isa = PBXFileReference; fileEncoding = 4; lastKnownFileType = sourcecode.c.h; path = GLESMath.h; sourceTree = "<group>"; };
		F05A1BF222A1207900E6637C /* Test4v.vs */ = {isa = PBXFileReference; lastKnownFileType = sourcecode.glsl; path = Test4v.vs; sourceTree = "<group>"; };
		F05A1BF422A1209900E6637C /* Test4f.fs */ = {isa = PBXFileReference; lastKnownFileType = sourcecode.glsl; path = Test4f.fs; sourceTree = "<group>"; };
		F05A1BF622A1217C00E6637C /* Test4VC.h */ = {isa = PBXFileReference; lastKnownFileType = sourcecode.c.h; path = Test4VC.h; sourceTree = "<group>"; };
		F05A1BF722A1217C00E6637C /* Test4VC.m */ = {isa = PBXFileReference; lastKnownFileType = sourcecode.c.objc; path = Test4VC.m; sourceTree = "<group>"; };
		F0815E7C229F6117003FB676 /* MHLearnOpenGLES.app */ = {isa = PBXFileReference; explicitFileType = wrapper.application; includeInIndex = 0; path = MHLearnOpenGLES.app; sourceTree = BUILT_PRODUCTS_DIR; };
		F0815E7F229F6117003FB676 /* AppDelegate.h */ = {isa = PBXFileReference; lastKnownFileType = sourcecode.c.h; path = AppDelegate.h; sourceTree = "<group>"; };
		F0815E80229F6117003FB676 /* AppDelegate.m */ = {isa = PBXFileReference; lastKnownFileType = sourcecode.c.objc; path = AppDelegate.m; sourceTree = "<group>"; };
		F0815E82229F6117003FB676 /* ViewController.h */ = {isa = PBXFileReference; lastKnownFileType = sourcecode.c.h; path = ViewController.h; sourceTree = "<group>"; };
		F0815E83229F6117003FB676 /* ViewController.m */ = {isa = PBXFileReference; lastKnownFileType = sourcecode.c.objc; path = ViewController.m; sourceTree = "<group>"; };
		F0815E86229F6117003FB676 /* Base */ = {isa = PBXFileReference; lastKnownFileType = file.storyboard; name = Base; path = Base.lproj/Main.storyboard; sourceTree = "<group>"; };
		F0815E88229F6121003FB676 /* Assets.xcassets */ = {isa = PBXFileReference; lastKnownFileType = folder.assetcatalog; path = Assets.xcassets; sourceTree = "<group>"; };
		F0815E8B229F6121003FB676 /* Base */ = {isa = PBXFileReference; lastKnownFileType = file.storyboard; name = Base; path = Base.lproj/LaunchScreen.storyboard; sourceTree = "<group>"; };
		F0815E8D229F6121003FB676 /* Info.plist */ = {isa = PBXFileReference; lastKnownFileType = text.plist.xml; path = Info.plist; sourceTree = "<group>"; };
		F0815E8E229F6121003FB676 /* main.m */ = {isa = PBXFileReference; lastKnownFileType = sourcecode.c.objc; path = main.m; sourceTree = "<group>"; };
		F081614F229F6E40003FB676 /* Test1VC.h */ = {isa = PBXFileReference; lastKnownFileType = sourcecode.c.h; path = Test1VC.h; sourceTree = "<group>"; };
		F0816150229F6E40003FB676 /* Test1VC.m */ = {isa = PBXFileReference; lastKnownFileType = sourcecode.c.objc; path = Test1VC.m; sourceTree = "<group>"; };
		F0816152229F6EFF003FB676 /* forTest.jpeg */ = {isa = PBXFileReference; lastKnownFileType = image.jpeg; path = forTest.jpeg; sourceTree = "<group>"; };
		F0816154229FA6B5003FB676 /* Test2VC.h */ = {isa = PBXFileReference; lastKnownFileType = sourcecode.c.h; path = Test2VC.h; sourceTree = "<group>"; };
		F0816155229FA6B5003FB676 /* Test2VC.m */ = {isa = PBXFileReference; lastKnownFileType = sourcecode.c.objc; path = Test2VC.m; sourceTree = "<group>"; };
		F0816157229FA6CC003FB676 /* BaseVC.h */ = {isa = PBXFileReference; lastKnownFileType = sourcecode.c.h; path = BaseVC.h; sourceTree = "<group>"; };
		F0816158229FA6CC003FB676 /* BaseVC.m */ = {isa = PBXFileReference; lastKnownFileType = sourcecode.c.objc; path = BaseVC.m; sourceTree = "<group>"; };
		F081615A229FA7A1003FB676 /* Test3VC.h */ = {isa = PBXFileReference; lastKnownFileType = sourcecode.c.h; path = Test3VC.h; sourceTree = "<group>"; };
		F081615B229FA7A1003FB676 /* Test3VC.m */ = {isa = PBXFileReference; lastKnownFileType = sourcecode.c.objc; path = Test3VC.m; sourceTree = "<group>"; };
		F0816161229FA9B7003FB676 /* Test2F.fs */ = {isa = PBXFileReference; fileEncoding = 4; lastKnownFileType = sourcecode.glsl; path = Test2F.fs; sourceTree = "<group>"; };
		F0816162229FA9B7003FB676 /* Test2V.vs */ = {isa = PBXFileReference; fileEncoding = 4; lastKnownFileType = sourcecode.glsl; path = Test2V.vs; sourceTree = "<group>"; };
/* End PBXFileReference section */

/* Begin PBXFrameworksBuildPhase section */
		F0815E79229F6117003FB676 /* Frameworks */ = {
			isa = PBXFrameworksBuildPhase;
			buildActionMask = 2147483647;
			files = (
			);
			runOnlyForDeploymentPostprocessing = 0;
		};
/* End PBXFrameworksBuildPhase section */

/* Begin PBXGroup section */
		F05A1BE022A0BD6500E6637C /* Utils */ = {
			isa = PBXGroup;
			children = (
				F05A1BE422A0BD6500E6637C /* GLESUtils.h */,
				F05A1BE122A0BD6500E6637C /* GLESUtils.m */,
				F05A1BE322A0BD6500E6637C /* GLESMath.c */,
				F05A1BE622A0BD6500E6637C /* GLESMath.h */,
				F05A1BE222A0BD6500E6637C /* Quaternion.h */,
				F05A1BE522A0BD6500E6637C /* Vector.h */,
			);
			path = Utils;
			sourceTree = "<group>";
		};
		F05A1BE922A0DF3500E6637C /* 1 */ = {
			isa = PBXGroup;
			children = (
				F081614F229F6E40003FB676 /* Test1VC.h */,
				F0816150229F6E40003FB676 /* Test1VC.m */,
			);
			path = 1;
			sourceTree = "<group>";
		};
		F05A1BEA22A0DF4800E6637C /* 2 */ = {
			isa = PBXGroup;
			children = (
				F0816154229FA6B5003FB676 /* Test2VC.h */,
				F0816155229FA6B5003FB676 /* Test2VC.m */,
				F0816161229FA9B7003FB676 /* Test2F.fs */,
				F0816162229FA9B7003FB676 /* Test2V.vs */,
			);
			path = 2;
			sourceTree = "<group>";
		};
		F05A1BEC22A0DF5D00E6637C /* 3 */ = {
			isa = PBXGroup;
			children = (
				F05A1BE022A0BD6500E6637C /* Utils */,
				F081615A229FA7A1003FB676 /* Test3VC.h */,
				F081615B229FA7A1003FB676 /* Test3VC.m */,
				F05A1BDC22A0B5CE00E6637C /* Test3v.vs */,
				F05A1BDE22A0B5DD00E6637C /* Test3f.fs */,
			);
			path = 3;
			sourceTree = "<group>";
		};
		F05A1BEE22A1154F00E6637C /* 4 */ = {
			isa = PBXGroup;
			children = (
				F05A1BF622A1217C00E6637C /* Test4VC.h */,
				F05A1BF722A1217C00E6637C /* Test4VC.m */,
				F05A1BF222A1207900E6637C /* Test4v.vs */,
				F05A1BF422A1209900E6637C /* Test4f.fs */,
			);
			path = 4;
			sourceTree = "<group>";
		};
		F0815E73229F6117003FB676 = {
			isa = PBXGroup;
			children = (
				F0815E7E229F6117003FB676 /* MHLearnOpenGLES */,
				F0815E7D229F6117003FB676 /* Products */,
			);
			sourceTree = "<group>";
		};
		F0815E7D229F6117003FB676 /* Products */ = {
			isa = PBXGroup;
			children = (
				F0815E7C229F6117003FB676 /* MHLearnOpenGLES.app */,
			);
			name = Products;
			sourceTree = "<group>";
		};
		F0815E7E229F6117003FB676 /* MHLearnOpenGLES */ = {
			isa = PBXGroup;
			children = (
				F081614C229F6DF8003FB676 /* AppDelegate */,
				F081614E229F6E23003FB676 /* Classes */,
				F0815E95229F62B8003FB676 /* Supporting Files */,
			);
			path = MHLearnOpenGLES;
			sourceTree = "<group>";
		};
		F0815E95229F62B8003FB676 /* Supporting Files */ = {
			isa = PBXGroup;
			children = (
				F0815E85229F6117003FB676 /* Main.storyboard */,
				F0815E88229F6121003FB676 /* Assets.xcassets */,
				F0815E8A229F6121003FB676 /* LaunchScreen.storyboard */,
				F0815E8D229F6121003FB676 /* Info.plist */,
				F0815E8E229F6121003FB676 /* main.m */,
			);
			name = "Supporting Files";
			sourceTree = "<group>";
		};
		F081614C229F6DF8003FB676 /* AppDelegate */ = {
			isa = PBXGroup;
			children = (
				F0815E7F229F6117003FB676 /* AppDelegate.h */,
				F0815E80229F6117003FB676 /* AppDelegate.m */,
				F0815E82229F6117003FB676 /* ViewController.h */,
				F0815E83229F6117003FB676 /* ViewController.m */,
			);
			path = AppDelegate;
			sourceTree = "<group>";
		};
		F081614E229F6E23003FB676 /* Classes */ = {
			isa = PBXGroup;
			children = (
				F0816157229FA6CC003FB676 /* BaseVC.h */,
				F0816158229FA6CC003FB676 /* BaseVC.m */,
				F05A1BE922A0DF3500E6637C /* 1 */,
				F05A1BEA22A0DF4800E6637C /* 2 */,
				F05A1BEC22A0DF5D00E6637C /* 3 */,
				F05A1BEE22A1154F00E6637C /* 4 */,
				F0816152229F6EFF003FB676 /* forTest.jpeg */,
			);
			path = Classes;
			sourceTree = "<group>";
		};
/* End PBXGroup section */

/* Begin PBXNativeTarget section */
		F0815E7B229F6117003FB676 /* MHLearnOpenGLES */ = {
			isa = PBXNativeTarget;
			buildConfigurationList = F0815E92229F6121003FB676 /* Build configuration list for PBXNativeTarget "MHLearnOpenGLES" */;
			buildPhases = (
				F0815E78229F6117003FB676 /* Sources */,
				F0815E79229F6117003FB676 /* Frameworks */,
				F0815E7A229F6117003FB676 /* Resources */,
			);
			buildRules = (
			);
			dependencies = (
			);
			name = MHLearnOpenGLES;
			productName = MHLearnOpenGLES;
			productReference = F0815E7C229F6117003FB676 /* MHLearnOpenGLES.app */;
			productType = "com.apple.product-type.application";
		};
/* End PBXNativeTarget section */

/* Begin PBXProject section */
		F0815E74229F6117003FB676 /* Project object */ = {
			isa = PBXProject;
			attributes = {
				LastUpgradeCheck = 1020;
				ORGANIZATIONNAME = mh;
				TargetAttributes = {
					F0815E7B229F6117003FB676 = {
						CreatedOnToolsVersion = 10.2.1;
					};
				};
			};
			buildConfigurationList = F0815E77229F6117003FB676 /* Build configuration list for PBXProject "MHLearnOpenGLES" */;
			compatibilityVersion = "Xcode 9.3";
			developmentRegion = en;
			hasScannedForEncodings = 0;
			knownRegions = (
				en,
				Base,
			);
			mainGroup = F0815E73229F6117003FB676;
			productRefGroup = F0815E7D229F6117003FB676 /* Products */;
			projectDirPath = "";
			projectRoot = "";
			targets = (
				F0815E7B229F6117003FB676 /* MHLearnOpenGLES */,
			);
		};
/* End PBXProject section */

/* Begin PBXResourcesBuildPhase section */
		F0815E7A229F6117003FB676 /* Resources */ = {
			isa = PBXResourcesBuildPhase;
			buildActionMask = 2147483647;
			files = (
				F0816164229FA9B7003FB676 /* Test2V.vs in Resources */,
				F05A1BDF22A0B5DD00E6637C /* Test3f.fs in Resources */,
				F05A1BDD22A0B5CE00E6637C /* Test3v.vs in Resources */,
				F0816153229F6EFF003FB676 /* forTest.jpeg in Resources */,
				F05A1BF522A1209900E6637C /* Test4f.fs in Resources */,
				F0815E8C229F6121003FB676 /* LaunchScreen.storyboard in Resources */,
				F0816163229FA9B7003FB676 /* Test2F.fs in Resources */,
				F05A1BF322A1207900E6637C /* Test4v.vs in Resources */,
				F0815E89229F6121003FB676 /* Assets.xcassets in Resources */,
				F0815E87229F6117003FB676 /* Main.storyboard in Resources */,
			);
			runOnlyForDeploymentPostprocessing = 0;
		};
/* End PBXResourcesBuildPhase section */

/* Begin PBXSourcesBuildPhase section */
		F0815E78229F6117003FB676 /* Sources */ = {
			isa = PBXSourcesBuildPhase;
			buildActionMask = 2147483647;
			files = (
				F05A1BED22A0E02B00E6637C /* Test3VC.m in Sources */,
				F0815E84229F6117003FB676 /* ViewController.m in Sources */,
				F0815E8F229F6121003FB676 /* main.m in Sources */,
				F05A1BE722A0BD6500E6637C /* GLESUtils.m in Sources */,
				F0816156229FA6B5003FB676 /* Test2VC.m in Sources */,
				F0816159229FA6CC003FB676 /* BaseVC.m in Sources */,
				F0816151229F6E40003FB676 /* Test1VC.m in Sources */,
				F05A1BE822A0BD6500E6637C /* GLESMath.c in Sources */,
				F0815E81229F6117003FB676 /* AppDelegate.m in Sources */,
				F05A1BF822A1217C00E6637C /* Test4VC.m in Sources */,
			);
			runOnlyForDeploymentPostprocessing = 0;
		};
/* End PBXSourcesBuildPhase section */

/* Begin PBXVariantGroup section */
		F0815E85229F6117003FB676 /* Main.storyboard */ = {
			isa = PBXVariantGroup;
			children = (
				F0815E86229F6117003FB676 /* Base */,
			);
			name = Main.storyboard;
			sourceTree = "<group>";
		};
		F0815E8A229F6121003FB676 /* LaunchScreen.storyboard */ = {
			isa = PBXVariantGroup;
			children = (
				F0815E8B229F6121003FB676 /* Base */,
			);
			name = LaunchScreen.storyboard;
			sourceTree = "<group>";
		};
/* End PBXVariantGroup section */

/* Begin XCBuildConfiguration section */
		F0815E90229F6121003FB676 /* Debug */ = {
			isa = XCBuildConfiguration;
			buildSettings = {
				ALWAYS_SEARCH_USER_PATHS = NO;
				CLANG_ANALYZER_NONNULL = YES;
				CLANG_ANALYZER_NUMBER_OBJECT_CONVERSION = YES_AGGRESSIVE;
				CLANG_CXX_LANGUAGE_STANDARD = "gnu++14";
				CLANG_CXX_LIBRARY = "libc++";
				CLANG_ENABLE_MODULES = YES;
				CLANG_ENABLE_OBJC_ARC = YES;
				CLANG_ENABLE_OBJC_WEAK = YES;
				CLANG_WARN_BLOCK_CAPTURE_AUTORELEASING = YES;
				CLANG_WARN_BOOL_CONVERSION = YES;
				CLANG_WARN_COMMA = YES;
				CLANG_WARN_CONSTANT_CONVERSION = YES;
				CLANG_WARN_DEPRECATED_OBJC_IMPLEMENTATIONS = YES;
				CLANG_WARN_DIRECT_OBJC_ISA_USAGE = YES_ERROR;
				CLANG_WARN_DOCUMENTATION_COMMENTS = YES;
				CLANG_WARN_EMPTY_BODY = YES;
				CLANG_WARN_ENUM_CONVERSION = YES;
				CLANG_WARN_INFINITE_RECURSION = YES;
				CLANG_WARN_INT_CONVERSION = YES;
				CLANG_WARN_NON_LITERAL_NULL_CONVERSION = YES;
				CLANG_WARN_OBJC_IMPLICIT_RETAIN_SELF = YES;
				CLANG_WARN_OBJC_LITERAL_CONVERSION = YES;
				CLANG_WARN_OBJC_ROOT_CLASS = YES_ERROR;
				CLANG_WARN_RANGE_LOOP_ANALYSIS = YES;
				CLANG_WARN_STRICT_PROTOTYPES = YES;
				CLANG_WARN_SUSPICIOUS_MOVE = YES;
				CLANG_WARN_UNGUARDED_AVAILABILITY = YES_AGGRESSIVE;
				CLANG_WARN_UNREACHABLE_CODE = YES;
				CLANG_WARN__DUPLICATE_METHOD_MATCH = YES;
				CODE_SIGN_IDENTITY = "iPhone Developer";
				COPY_PHASE_STRIP = NO;
				DEBUG_INFORMATION_FORMAT = dwarf;
				ENABLE_STRICT_OBJC_MSGSEND = YES;
				ENABLE_TESTABILITY = YES;
				GCC_C_LANGUAGE_STANDARD = gnu11;
				GCC_DYNAMIC_NO_PIC = NO;
				GCC_NO_COMMON_BLOCKS = YES;
				GCC_OPTIMIZATION_LEVEL = 0;
				GCC_PREPROCESSOR_DEFINITIONS = (
					"DEBUG=1",
					"$(inherited)",
				);
				GCC_WARN_64_TO_32_BIT_CONVERSION = YES;
				GCC_WARN_ABOUT_RETURN_TYPE = YES_ERROR;
				GCC_WARN_UNDECLARED_SELECTOR = YES;
				GCC_WARN_UNINITIALIZED_AUTOS = YES_AGGRESSIVE;
				GCC_WARN_UNUSED_FUNCTION = YES;
				GCC_WARN_UNUSED_VARIABLE = YES;
				IPHONEOS_DEPLOYMENT_TARGET = 12.2;
				MTL_ENABLE_DEBUG_INFO = INCLUDE_SOURCE;
				MTL_FAST_MATH = YES;
				ONLY_ACTIVE_ARCH = YES;
				SDKROOT = iphoneos;
			};
			name = Debug;
		};
		F0815E91229F6121003FB676 /* Release */ = {
			isa = XCBuildConfiguration;
			buildSettings = {
				ALWAYS_SEARCH_USER_PATHS = NO;
				CLANG_ANALYZER_NONNULL = YES;
				CLANG_ANALYZER_NUMBER_OBJECT_CONVERSION = YES_AGGRESSIVE;
				CLANG_CXX_LANGUAGE_STANDARD = "gnu++14";
				CLANG_CXX_LIBRARY = "libc++";
				CLANG_ENABLE_MODULES = YES;
				CLANG_ENABLE_OBJC_ARC = YES;
				CLANG_ENABLE_OBJC_WEAK = YES;
				CLANG_WARN_BLOCK_CAPTURE_AUTORELEASING = YES;
				CLANG_WARN_BOOL_CONVERSION = YES;
				CLANG_WARN_COMMA = YES;
				CLANG_WARN_CONSTANT_CONVERSION = YES;
				CLANG_WARN_DEPRECATED_OBJC_IMPLEMENTATIONS = YES;
				CLANG_WARN_DIRECT_OBJC_ISA_USAGE = YES_ERROR;
				CLANG_WARN_DOCUMENTATION_COMMENTS = YES;
				CLANG_WARN_EMPTY_BODY = YES;
				CLANG_WARN_ENUM_CONVERSION = YES;
				CLANG_WARN_INFINITE_RECURSION = YES;
				CLANG_WARN_INT_CONVERSION = YES;
				CLANG_WARN_NON_LITERAL_NULL_CONVERSION = YES;
				CLANG_WARN_OBJC_IMPLICIT_RETAIN_SELF = YES;
				CLANG_WARN_OBJC_LITERAL_CONVERSION = YES;
				CLANG_WARN_OBJC_ROOT_CLASS = YES_ERROR;
				CLANG_WARN_RANGE_LOOP_ANALYSIS = YES;
				CLANG_WARN_STRICT_PROTOTYPES = YES;
				CLANG_WARN_SUSPICIOUS_MOVE = YES;
				CLANG_WARN_UNGUARDED_AVAILABILITY = YES_AGGRESSIVE;
				CLANG_WARN_UNREACHABLE_CODE = YES;
				CLANG_WARN__DUPLICATE_METHOD_MATCH = YES;
				CODE_SIGN_IDENTITY = "iPhone Developer";
				COPY_PHASE_STRIP = NO;
				DEBUG_INFORMATION_FORMAT = "dwarf-with-dsym";
				ENABLE_NS_ASSERTIONS = NO;
				ENABLE_STRICT_OBJC_MSGSEND = YES;
				GCC_C_LANGUAGE_STANDARD = gnu11;
				GCC_NO_COMMON_BLOCKS = YES;
				GCC_WARN_64_TO_32_BIT_CONVERSION = YES;
				GCC_WARN_ABOUT_RETURN_TYPE = YES_ERROR;
				GCC_WARN_UNDECLARED_SELECTOR = YES;
				GCC_WARN_UNINITIALIZED_AUTOS = YES_AGGRESSIVE;
				GCC_WARN_UNUSED_FUNCTION = YES;
				GCC_WARN_UNUSED_VARIABLE = YES;
				IPHONEOS_DEPLOYMENT_TARGET = 12.2;
				MTL_ENABLE_DEBUG_INFO = NO;
				MTL_FAST_MATH = YES;
				SDKROOT = iphoneos;
				VALIDATE_PRODUCT = YES;
			};
			name = Release;
		};
		F0815E93229F6121003FB676 /* Debug */ = {
			isa = XCBuildConfiguration;
			buildSettings = {
				ASSETCATALOG_COMPILER_APPICON_NAME = AppIcon;
				CODE_SIGN_STYLE = Automatic;
				DEVELOPMENT_TEAM = 79MJSMMJTD;
				INFOPLIST_FILE = MHLearnOpenGLES/Info.plist;
				IPHONEOS_DEPLOYMENT_TARGET = 8.0;
				LD_RUNPATH_SEARCH_PATHS = (
					"$(inherited)",
					"@executable_path/Frameworks",
				);
				PRODUCT_BUNDLE_IDENTIFIER = com.yxrobot.MHLearnOpenGLES;
				PRODUCT_NAME = "$(TARGET_NAME)";
				TARGETED_DEVICE_FAMILY = 1;
			};
			name = Debug;
		};
		F0815E94229F6121003FB676 /* Release */ = {
			isa = XCBuildConfiguration;
			buildSettings = {
				ASSETCATALOG_COMPILER_APPICON_NAME = AppIcon;
				CODE_SIGN_STYLE = Automatic;
				DEVELOPMENT_TEAM = 79MJSMMJTD;
				INFOPLIST_FILE = MHLearnOpenGLES/Info.plist;
				IPHONEOS_DEPLOYMENT_TARGET = 8.0;
				LD_RUNPATH_SEARCH_PATHS = (
					"$(inherited)",
					"@executable_path/Frameworks",
				);
				PRODUCT_BUNDLE_IDENTIFIER = com.yxrobot.MHLearnOpenGLES;
				PRODUCT_NAME = "$(TARGET_NAME)";
				TARGETED_DEVICE_FAMILY = 1;
			};
			name = Release;
		};
/* End XCBuildConfiguration section */

/* Begin XCConfigurationList section */
		F0815E77229F6117003FB676 /* Build configuration list for PBXProject "MHLearnOpenGLES" */ = {
			isa = XCConfigurationList;
			buildConfigurations = (
				F0815E90229F6121003FB676 /* Debug */,
				F0815E91229F6121003FB676 /* Release */,
			);
			defaultConfigurationIsVisible = 0;
			defaultConfigurationName = Release;
		};
		F0815E92229F6121003FB676 /* Build configuration list for PBXNativeTarget "MHLearnOpenGLES" */ = {
			isa = XCConfigurationList;
			buildConfigurations = (
				F0815E93229F6121003FB676 /* Debug */,
				F0815E94229F6121003FB676 /* Release */,
			);
			defaultConfigurationIsVisible = 0;
			defaultConfigurationName = Release;
		};
/* End XCConfigurationList section */
	};
	rootObject = F0815E74229F6117003FB676 /* Project object */;
}
