// !$*UTF8*$!
{
	archiveVersion = 1;
	classes = {
	};
	objectVersion = 50;
	objects = {

/* Begin PBXBuildFile section */
		F034FFBE22A7A6D0003C218A /* Earth512x256.jpg in Resources */ = {isa = PBXBuildFile; fileRef = F034FFBA22A7A6D0003C218A /* Earth512x256.jpg */; };
		F034FFBF22A7A6D0003C218A /* sphere.obj in Resources */ = {isa = PBXBuildFile; fileRef = F034FFBC22A7A6D0003C218A /* sphere.obj */; };
		F034FFC022A7A6D0003C218A /* Moon256x128.png in Resources */ = {isa = PBXBuildFile; fileRef = F034FFBD22A7A6D0003C218A /* Moon256x128.png */; };
		F034FFC322A7A70C003C218A /* Test_5VC.m in Sources */ = {isa = PBXBuildFile; fileRef = F034FFC222A7A70C003C218A /* Test_5VC.m */; };
		F05A1BDD22A0B5CE00E6637C /* Test3v.vs in Resources */ = {isa = PBXBuildFile; fileRef = F05A1BDC22A0B5CE00E6637C /* Test3v.vs */; };
		F05A1BDF22A0B5DD00E6637C /* Test3f.fs in Resources */ = {isa = PBXBuildFile; fileRef = F05A1BDE22A0B5DD00E6637C /* Test3f.fs */; };
		F05A1BED22A0E02B00E6637C /* Test3VC.m in Sources */ = {isa = PBXBuildFile; fileRef = F081615B229FA7A1003FB676 /* Test3VC.m */; };
		F05A1BF322A1207900E6637C /* Test4v.vs in Resources */ = {isa = PBXBuildFile; fileRef = F05A1BF222A1207900E6637C /* Test4v.vs */; };
		F05A1BF522A1209900E6637C /* Test4f.fs in Resources */ = {isa = PBXBuildFile; fileRef = F05A1BF422A1209900E6637C /* Test4f.fs */; };
		F05A1BF822A1217C00E6637C /* Test4VC.m in Sources */ = {isa = PBXBuildFile; fileRef = F05A1BF722A1217C00E6637C /* Test4VC.m */; };
		F0630C2D22A753B600512D16 /* MHVertexAttribArrayBuffer.m in Sources */ = {isa = PBXBuildFile; fileRef = F0630C2C22A753B600512D16 /* MHVertexAttribArrayBuffer.m */; };
		F06602C322C1BA2A00EF6D88 /* ListVC3.m in Sources */ = {isa = PBXBuildFile; fileRef = F06602C222C1BA2A00EF6D88 /* ListVC3.m */; };
		F06602C622C1BAA200EF6D88 /* ColorsVC.m in Sources */ = {isa = PBXBuildFile; fileRef = F06602C522C1BAA200EF6D88 /* ColorsVC.m */; };
		F06602CB22C1BC5F00EF6D88 /* 1_color_f.fs in Resources */ = {isa = PBXBuildFile; fileRef = F06602C722C1BC5F00EF6D88 /* 1_color_f.fs */; };
		F06602CC22C1BC5F00EF6D88 /* 1_color_v.vs in Resources */ = {isa = PBXBuildFile; fileRef = F06602C822C1BC5F00EF6D88 /* 1_color_v.vs */; };
		F06602CD22C1BC5F00EF6D88 /* 1_lamp_f.fs in Resources */ = {isa = PBXBuildFile; fileRef = F06602C922C1BC5F00EF6D88 /* 1_lamp_f.fs */; };
		F06602CE22C1BC5F00EF6D88 /* 1_lamp_v.vs in Resources */ = {isa = PBXBuildFile; fileRef = F06602CA22C1BC5F00EF6D88 /* 1_lamp_v.vs */; };
		F0787DC222B223FC00B98E60 /* Test7VC.m in Sources */ = {isa = PBXBuildFile; fileRef = F0787DC122B223FC00B98E60 /* Test7VC.m */; };
		F0787DC522B2269100B98E60 /* test7f.fs in Resources */ = {isa = PBXBuildFile; fileRef = F0787DC322B2269100B98E60 /* test7f.fs */; };
		F0787DC622B2269100B98E60 /* test7v.vs in Resources */ = {isa = PBXBuildFile; fileRef = F0787DC422B2269100B98E60 /* test7v.vs */; };
		F0787DCA22B22E9200B98E60 /* Test8VC.m in Sources */ = {isa = PBXBuildFile; fileRef = F0787DC922B22E9200B98E60 /* Test8VC.m */; };
		F0787DCD22B22F3B00B98E60 /* test8v.vs in Resources */ = {isa = PBXBuildFile; fileRef = F0787DCB22B22F3B00B98E60 /* test8v.vs */; };
		F0787DCE22B22F3B00B98E60 /* test8f.fs in Resources */ = {isa = PBXBuildFile; fileRef = F0787DCC22B22F3B00B98E60 /* test8f.fs */; };
		F0787DD022B23A9200B98E60 /* container.jpg in Resources */ = {isa = PBXBuildFile; fileRef = F0787DCF22B23A9100B98E60 /* container.jpg */; };
		F07B3D9722C30B72007658A6 /* BasicLightingVC.m in Sources */ = {isa = PBXBuildFile; fileRef = F07B3D9622C30B72007658A6 /* BasicLightingVC.m */; };
		F07B3D9C22C30CCA007658A6 /* 2_lamp_f.fs in Resources */ = {isa = PBXBuildFile; fileRef = F07B3D9822C30CC9007658A6 /* 2_lamp_f.fs */; };
		F07B3D9D22C30CCA007658A6 /* 2_obj_v.vs in Resources */ = {isa = PBXBuildFile; fileRef = F07B3D9922C30CCA007658A6 /* 2_obj_v.vs */; };
		F07B3D9E22C30CCA007658A6 /* 2_obj_f.fs in Resources */ = {isa = PBXBuildFile; fileRef = F07B3D9A22C30CCA007658A6 /* 2_obj_f.fs */; };
		F07B3D9F22C30CCA007658A6 /* 2_lamp_v.vs in Resources */ = {isa = PBXBuildFile; fileRef = F07B3D9B22C30CCA007658A6 /* 2_lamp_v.vs */; };
		F0815E81229F6117003FB676 /* AppDelegate.m in Sources */ = {isa = PBXBuildFile; fileRef = F0815E80229F6117003FB676 /* AppDelegate.m */; };
		F0815E84229F6117003FB676 /* ViewController.m in Sources */ = {isa = PBXBuildFile; fileRef = F0815E83229F6117003FB676 /* ViewController.m */; };
		F0815E87229F6117003FB676 /* Main.storyboard in Resources */ = {isa = PBXBuildFile; fileRef = F0815E85229F6117003FB676 /* Main.storyboard */; };
		F0815E89229F6121003FB676 /* Assets.xcassets in Resources */ = {isa = PBXBuildFile; fileRef = F0815E88229F6121003FB676 /* Assets.xcassets */; };
		F0815E8C229F6121003FB676 /* LaunchScreen.storyboard in Resources */ = {isa = PBXBuildFile; fileRef = F0815E8A229F6121003FB676 /* LaunchScreen.storyboard */; };
		F0815E8F229F6121003FB676 /* main.m in Sources */ = {isa = PBXBuildFile; fileRef = F0815E8E229F6121003FB676 /* main.m */; };
		F0816151229F6E40003FB676 /* Test1VC.m in Sources */ = {isa = PBXBuildFile; fileRef = F0816150229F6E40003FB676 /* Test1VC.m */; };
		F0816153229F6EFF003FB676 /* forTest.jpeg in Resources */ = {isa = PBXBuildFile; fileRef = F0816152229F6EFF003FB676 /* forTest.jpeg */; };
		F0816156229FA6B5003FB676 /* Test2VC.m in Sources */ = {isa = PBXBuildFile; fileRef = F0816155229FA6B5003FB676 /* Test2VC.m */; };
		F0816163229FA9B7003FB676 /* Test2F.fs in Resources */ = {isa = PBXBuildFile; fileRef = F0816161229FA9B7003FB676 /* Test2F.fs */; };
		F0816164229FA9B7003FB676 /* Test2V.vs in Resources */ = {isa = PBXBuildFile; fileRef = F0816162229FA9B7003FB676 /* Test2V.vs */; };
		F0AFEFFF22B0DCB100736CBD /* awesomeface.png in Resources */ = {isa = PBXBuildFile; fileRef = F0AFEFFE22B0DCB100736CBD /* awesomeface.png */; };
		F0AFF00222B0DE1000736CBD /* test6_2f.fs in Resources */ = {isa = PBXBuildFile; fileRef = F0AFF00022B0DE1000736CBD /* test6_2f.fs */; };
		F0AFF00322B0DE1000736CBD /* test6_2v.vs in Resources */ = {isa = PBXBuildFile; fileRef = F0AFF00122B0DE1000736CBD /* test6_2v.vs */; };
		F0AFF00622B0DE3000736CBD /* test6_3v.vs in Resources */ = {isa = PBXBuildFile; fileRef = F0AFF00422B0DE3000736CBD /* test6_3v.vs */; };
		F0AFF00722B0DE3000736CBD /* test6_3f.fs in Resources */ = {isa = PBXBuildFile; fileRef = F0AFF00522B0DE3000736CBD /* test6_3f.fs */; };
		F0B8030D22BA188400F6D001 /* ksVector.c in Sources */ = {isa = PBXBuildFile; fileRef = F0B8030922BA188400F6D001 /* ksVector.c */; };
		F0B8030E22BA188400F6D001 /* ksMatrix.c in Sources */ = {isa = PBXBuildFile; fileRef = F0B8030C22BA188400F6D001 /* ksMatrix.c */; };
		F0BAA28822AF36A80014A7F5 /* Test6VC.m in Sources */ = {isa = PBXBuildFile; fileRef = F0BAA28722AF36A80014A7F5 /* Test6VC.m */; };
		F0BAA28B22AF76150014A7F5 /* test6v.vs in Resources */ = {isa = PBXBuildFile; fileRef = F0BAA28922AF76150014A7F5 /* test6v.vs */; };
		F0BAA28C22AF76150014A7F5 /* test6f.fs in Resources */ = {isa = PBXBuildFile; fileRef = F0BAA28A22AF76150014A7F5 /* test6f.fs */; };
		F0C1D23922C05866006268F7 /* ListVC1.m in Sources */ = {isa = PBXBuildFile; fileRef = F0C1D23822C05866006268F7 /* ListVC1.m */; };
		F0C1D23C22C05883006268F7 /* ListVC2.m in Sources */ = {isa = PBXBuildFile; fileRef = F0C1D23B22C05883006268F7 /* ListVC2.m */; };
		F0C1D24322C05A1E006268F7 /* MHGLESTools.m in Sources */ = {isa = PBXBuildFile; fileRef = F0C1D24222C05A1E006268F7 /* MHGLESTools.m */; };
		F0C1D24722C05BF4006268F7 /* TestCameraVC.m in Sources */ = {isa = PBXBuildFile; fileRef = F0C1D24622C05BF4006268F7 /* TestCameraVC.m */; };
		F0C1D24A22C05D20006268F7 /* TCameraV.vs in Resources */ = {isa = PBXBuildFile; fileRef = F0C1D24822C05D20006268F7 /* TCameraV.vs */; };
		F0C1D24B22C05D20006268F7 /* TCameraF.fs in Resources */ = {isa = PBXBuildFile; fileRef = F0C1D24922C05D20006268F7 /* TCameraF.fs */; };
/* End PBXBuildFile section */

/* Begin PBXFileReference section */
		F034FFBA22A7A6D0003C218A /* Earth512x256.jpg */ = {isa = PBXFileReference; lastKnownFileType = image.jpeg; path = Earth512x256.jpg; sourceTree = "<group>"; };
		F034FFBB22A7A6D0003C218A /* sphere.h */ = {isa = PBXFileReference; fileEncoding = 4; lastKnownFileType = sourcecode.c.h; path = sphere.h; sourceTree = "<group>"; };
		F034FFBC22A7A6D0003C218A /* sphere.obj */ = {isa = PBXFileReference; fileEncoding = 4; lastKnownFileType = text; path = sphere.obj; sourceTree = "<group>"; };
		F034FFBD22A7A6D0003C218A /* Moon256x128.png */ = {isa = PBXFileReference; lastKnownFileType = image.png; path = Moon256x128.png; sourceTree = "<group>"; };
		F034FFC122A7A70C003C218A /* Test_5VC.h */ = {isa = PBXFileReference; lastKnownFileType = sourcecode.c.h; path = Test_5VC.h; sourceTree = "<group>"; };
		F034FFC222A7A70C003C218A /* Test_5VC.m */ = {isa = PBXFileReference; lastKnownFileType = sourcecode.c.objc; path = Test_5VC.m; sourceTree = "<group>"; };
		F05A1BDC22A0B5CE00E6637C /* Test3v.vs */ = {isa = PBXFileReference; lastKnownFileType = sourcecode.glsl; path = Test3v.vs; sourceTree = "<group>"; };
		F05A1BDE22A0B5DD00E6637C /* Test3f.fs */ = {isa = PBXFileReference; lastKnownFileType = sourcecode.glsl; path = Test3f.fs; sourceTree = "<group>"; };
		F05A1BF222A1207900E6637C /* Test4v.vs */ = {isa = PBXFileReference; lastKnownFileType = sourcecode.glsl; path = Test4v.vs; sourceTree = "<group>"; };
		F05A1BF422A1209900E6637C /* Test4f.fs */ = {isa = PBXFileReference; lastKnownFileType = sourcecode.glsl; path = Test4f.fs; sourceTree = "<group>"; };
		F05A1BF622A1217C00E6637C /* Test4VC.h */ = {isa = PBXFileReference; lastKnownFileType = sourcecode.c.h; path = Test4VC.h; sourceTree = "<group>"; };
		F05A1BF722A1217C00E6637C /* Test4VC.m */ = {isa = PBXFileReference; lastKnownFileType = sourcecode.c.objc; path = Test4VC.m; sourceTree = "<group>"; };
		F0630C2B22A753B600512D16 /* MHVertexAttribArrayBuffer.h */ = {isa = PBXFileReference; lastKnownFileType = sourcecode.c.h; path = MHVertexAttribArrayBuffer.h; sourceTree = "<group>"; };
		F0630C2C22A753B600512D16 /* MHVertexAttribArrayBuffer.m */ = {isa = PBXFileReference; lastKnownFileType = sourcecode.c.objc; path = MHVertexAttribArrayBuffer.m; sourceTree = "<group>"; };
		F06602C122C1BA2A00EF6D88 /* ListVC3.h */ = {isa = PBXFileReference; lastKnownFileType = sourcecode.c.h; path = ListVC3.h; sourceTree = "<group>"; };
		F06602C222C1BA2A00EF6D88 /* ListVC3.m */ = {isa = PBXFileReference; lastKnownFileType = sourcecode.c.objc; path = ListVC3.m; sourceTree = "<group>"; };
		F06602C422C1BAA200EF6D88 /* ColorsVC.h */ = {isa = PBXFileReference; lastKnownFileType = sourcecode.c.h; path = ColorsVC.h; sourceTree = "<group>"; };
		F06602C522C1BAA200EF6D88 /* ColorsVC.m */ = {isa = PBXFileReference; lastKnownFileType = sourcecode.c.objc; path = ColorsVC.m; sourceTree = "<group>"; };
		F06602C722C1BC5F00EF6D88 /* 1_color_f.fs */ = {isa = PBXFileReference; fileEncoding = 4; lastKnownFileType = sourcecode.glsl; path = 1_color_f.fs; sourceTree = "<group>"; };
		F06602C822C1BC5F00EF6D88 /* 1_color_v.vs */ = {isa = PBXFileReference; fileEncoding = 4; lastKnownFileType = sourcecode.glsl; path = 1_color_v.vs; sourceTree = "<group>"; };
		F06602C922C1BC5F00EF6D88 /* 1_lamp_f.fs */ = {isa = PBXFileReference; fileEncoding = 4; lastKnownFileType = sourcecode.glsl; path = 1_lamp_f.fs; sourceTree = "<group>"; };
		F06602CA22C1BC5F00EF6D88 /* 1_lamp_v.vs */ = {isa = PBXFileReference; fileEncoding = 4; lastKnownFileType = sourcecode.glsl; path = 1_lamp_v.vs; sourceTree = "<group>"; };
		F0787DC022B223FC00B98E60 /* Test7VC.h */ = {isa = PBXFileReference; lastKnownFileType = sourcecode.c.h; path = Test7VC.h; sourceTree = "<group>"; };
		F0787DC122B223FC00B98E60 /* Test7VC.m */ = {isa = PBXFileReference; lastKnownFileType = sourcecode.c.objc; path = Test7VC.m; sourceTree = "<group>"; };
		F0787DC322B2269100B98E60 /* test7f.fs */ = {isa = PBXFileReference; fileEncoding = 4; lastKnownFileType = sourcecode.glsl; path = test7f.fs; sourceTree = "<group>"; };
		F0787DC422B2269100B98E60 /* test7v.vs */ = {isa = PBXFileReference; fileEncoding = 4; lastKnownFileType = sourcecode.glsl; path = test7v.vs; sourceTree = "<group>"; };
		F0787DC822B22E9200B98E60 /* Test8VC.h */ = {isa = PBXFileReference; lastKnownFileType = sourcecode.c.h; path = Test8VC.h; sourceTree = "<group>"; };
		F0787DC922B22E9200B98E60 /* Test8VC.m */ = {isa = PBXFileReference; lastKnownFileType = sourcecode.c.objc; path = Test8VC.m; sourceTree = "<group>"; };
		F0787DCB22B22F3B00B98E60 /* test8v.vs */ = {isa = PBXFileReference; fileEncoding = 4; lastKnownFileType = sourcecode.glsl; path = test8v.vs; sourceTree = "<group>"; };
		F0787DCC22B22F3B00B98E60 /* test8f.fs */ = {isa = PBXFileReference; fileEncoding = 4; lastKnownFileType = sourcecode.glsl; path = test8f.fs; sourceTree = "<group>"; };
		F0787DCF22B23A9100B98E60 /* container.jpg */ = {isa = PBXFileReference; lastKnownFileType = image.jpeg; path = container.jpg; sourceTree = "<group>"; };
		F07B3D9522C30B72007658A6 /* BasicLightingVC.h */ = {isa = PBXFileReference; lastKnownFileType = sourcecode.c.h; path = BasicLightingVC.h; sourceTree = "<group>"; };
		F07B3D9622C30B72007658A6 /* BasicLightingVC.m */ = {isa = PBXFileReference; lastKnownFileType = sourcecode.c.objc; path = BasicLightingVC.m; sourceTree = "<group>"; };
		F07B3D9822C30CC9007658A6 /* 2_lamp_f.fs */ = {isa = PBXFileReference; fileEncoding = 4; lastKnownFileType = sourcecode.glsl; path = 2_lamp_f.fs; sourceTree = "<group>"; };
		F07B3D9922C30CCA007658A6 /* 2_obj_v.vs */ = {isa = PBXFileReference; fileEncoding = 4; lastKnownFileType = sourcecode.glsl; path = 2_obj_v.vs; sourceTree = "<group>"; };
		F07B3D9A22C30CCA007658A6 /* 2_obj_f.fs */ = {isa = PBXFileReference; fileEncoding = 4; lastKnownFileType = sourcecode.glsl; path = 2_obj_f.fs; sourceTree = "<group>"; };
		F07B3D9B22C30CCA007658A6 /* 2_lamp_v.vs */ = {isa = PBXFileReference; fileEncoding = 4; lastKnownFileType = sourcecode.glsl; path = 2_lamp_v.vs; sourceTree = "<group>"; };
		F0815E7C229F6117003FB676 /* MHLearnOpenGLES.app */ = {isa = PBXFileReference; explicitFileType = wrapper.application; includeInIndex = 0; path = MHLearnOpenGLES.app; sourceTree = BUILT_PRODUCTS_DIR; };
		F0815E7F229F6117003FB676 /* AppDelegate.h */ = {isa = PBXFileReference; lastKnownFileType = sourcecode.c.h; path = AppDelegate.h; sourceTree = "<group>"; };
		F0815E80229F6117003FB676 /* AppDelegate.m */ = {isa = PBXFileReference; lastKnownFileType = sourcecode.c.objc; path = AppDelegate.m; sourceTree = "<group>"; };
		F0815E82229F6117003FB676 /* ViewController.h */ = {isa = PBXFileReference; lastKnownFileType = sourcecode.c.h; path = ViewController.h; sourceTree = "<group>"; };
		F0815E83229F6117003FB676 /* ViewController.m */ = {isa = PBXFileReference; lastKnownFileType = sourcecode.c.objc; path = ViewController.m; sourceTree = "<group>"; };
		F0815E86229F6117003FB676 /* Base */ = {isa = PBXFileReference; lastKnownFileType = file.storyboard; name = Base; path = Base.lproj/Main.storyboard; sourceTree = "<group>"; };
		F0815E88229F6121003FB676 /* Assets.xcassets */ = {isa = PBXFileReference; lastKnownFileType = folder.assetcatalog; path = Assets.xcassets; sourceTree = "<group>"; };
		F0815E8B229F6121003FB676 /* Base */ = {isa = PBXFileReference; lastKnownFileType = file.storyboard; name = Base; path = Base.lproj/LaunchScreen.storyboard; sourceTree = "<group>"; };
		F0815E8D229F6121003FB676 /* Info.plist */ = {isa = PBXFileReference; lastKnownFileType = text.plist.xml; path = Info.plist; sourceTree = "<group>"; };
		F0815E8E229F6121003FB676 /* main.m */ = {isa = PBXFileReference; lastKnownFileType = sourcecode.c.objc; path = main.m; sourceTree = "<group>"; };
		F081614F229F6E40003FB676 /* Test1VC.h */ = {isa = PBXFileReference; lastKnownFileType = sourcecode.c.h; path = Test1VC.h; sourceTree = "<group>"; };
		F0816150229F6E40003FB676 /* Test1VC.m */ = {isa = PBXFileReference; lastKnownFileType = sourcecode.c.objc; path = Test1VC.m; sourceTree = "<group>"; };
		F0816152229F6EFF003FB676 /* forTest.jpeg */ = {isa = PBXFileReference; lastKnownFileType = image.jpeg; path = forTest.jpeg; sourceTree = "<group>"; };
		F0816154229FA6B5003FB676 /* Test2VC.h */ = {isa = PBXFileReference; lastKnownFileType = sourcecode.c.h; path = Test2VC.h; sourceTree = "<group>"; };
		F0816155229FA6B5003FB676 /* Test2VC.m */ = {isa = PBXFileReference; lastKnownFileType = sourcecode.c.objc; path = Test2VC.m; sourceTree = "<group>"; };
		F081615A229FA7A1003FB676 /* Test3VC.h */ = {isa = PBXFileReference; lastKnownFileType = sourcecode.c.h; path = Test3VC.h; sourceTree = "<group>"; };
		F081615B229FA7A1003FB676 /* Test3VC.m */ = {isa = PBXFileReference; lastKnownFileType = sourcecode.c.objc; path = Test3VC.m; sourceTree = "<group>"; };
		F0816161229FA9B7003FB676 /* Test2F.fs */ = {isa = PBXFileReference; fileEncoding = 4; lastKnownFileType = sourcecode.glsl; path = Test2F.fs; sourceTree = "<group>"; };
		F0816162229FA9B7003FB676 /* Test2V.vs */ = {isa = PBXFileReference; fileEncoding = 4; lastKnownFileType = sourcecode.glsl; path = Test2V.vs; sourceTree = "<group>"; };
		F0AFEFFE22B0DCB100736CBD /* awesomeface.png */ = {isa = PBXFileReference; lastKnownFileType = image.png; path = awesomeface.png; sourceTree = "<group>"; };
		F0AFF00022B0DE1000736CBD /* test6_2f.fs */ = {isa = PBXFileReference; fileEncoding = 4; lastKnownFileType = sourcecode.glsl; path = test6_2f.fs; sourceTree = "<group>"; };
		F0AFF00122B0DE1000736CBD /* test6_2v.vs */ = {isa = PBXFileReference; fileEncoding = 4; lastKnownFileType = sourcecode.glsl; path = test6_2v.vs; sourceTree = "<group>"; };
		F0AFF00422B0DE3000736CBD /* test6_3v.vs */ = {isa = PBXFileReference; fileEncoding = 4; lastKnownFileType = sourcecode.glsl; path = test6_3v.vs; sourceTree = "<group>"; };
		F0AFF00522B0DE3000736CBD /* test6_3f.fs */ = {isa = PBXFileReference; fileEncoding = 4; lastKnownFileType = sourcecode.glsl; path = test6_3f.fs; sourceTree = "<group>"; };
		F0B8030922BA188400F6D001 /* ksVector.c */ = {isa = PBXFileReference; fileEncoding = 4; lastKnownFileType = sourcecode.c.c; path = ksVector.c; sourceTree = "<group>"; };
		F0B8030A22BA188400F6D001 /* ksVector.h */ = {isa = PBXFileReference; fileEncoding = 4; lastKnownFileType = sourcecode.c.h; path = ksVector.h; sourceTree = "<group>"; };
		F0B8030B22BA188400F6D001 /* ksMatrix.h */ = {isa = PBXFileReference; fileEncoding = 4; lastKnownFileType = sourcecode.c.h; path = ksMatrix.h; sourceTree = "<group>"; };
		F0B8030C22BA188400F6D001 /* ksMatrix.c */ = {isa = PBXFileReference; fileEncoding = 4; lastKnownFileType = sourcecode.c.c; path = ksMatrix.c; sourceTree = "<group>"; };
		F0BAA28622AF36A80014A7F5 /* Test6VC.h */ = {isa = PBXFileReference; lastKnownFileType = sourcecode.c.h; path = Test6VC.h; sourceTree = "<group>"; };
		F0BAA28722AF36A80014A7F5 /* Test6VC.m */ = {isa = PBXFileReference; lastKnownFileType = sourcecode.c.objc; path = Test6VC.m; sourceTree = "<group>"; };
		F0BAA28922AF76150014A7F5 /* test6v.vs */ = {isa = PBXFileReference; fileEncoding = 4; lastKnownFileType = sourcecode.glsl; path = test6v.vs; sourceTree = "<group>"; };
		F0BAA28A22AF76150014A7F5 /* test6f.fs */ = {isa = PBXFileReference; fileEncoding = 4; lastKnownFileType = sourcecode.glsl; path = test6f.fs; sourceTree = "<group>"; };
		F0C1D23722C05866006268F7 /* ListVC1.h */ = {isa = PBXFileReference; lastKnownFileType = sourcecode.c.h; path = ListVC1.h; sourceTree = "<group>"; };
		F0C1D23822C05866006268F7 /* ListVC1.m */ = {isa = PBXFileReference; lastKnownFileType = sourcecode.c.objc; path = ListVC1.m; sourceTree = "<group>"; };
		F0C1D23A22C05883006268F7 /* ListVC2.h */ = {isa = PBXFileReference; lastKnownFileType = sourcecode.c.h; path = ListVC2.h; sourceTree = "<group>"; };
		F0C1D23B22C05883006268F7 /* ListVC2.m */ = {isa = PBXFileReference; lastKnownFileType = sourcecode.c.objc; path = ListVC2.m; sourceTree = "<group>"; };
		F0C1D24122C05A1E006268F7 /* MHGLESTools.h */ = {isa = PBXFileReference; lastKnownFileType = sourcecode.c.h; path = MHGLESTools.h; sourceTree = "<group>"; };
		F0C1D24222C05A1E006268F7 /* MHGLESTools.m */ = {isa = PBXFileReference; lastKnownFileType = sourcecode.c.objc; path = MHGLESTools.m; sourceTree = "<group>"; };
		F0C1D24522C05BF4006268F7 /* TestCameraVC.h */ = {isa = PBXFileReference; lastKnownFileType = sourcecode.c.h; path = TestCameraVC.h; sourceTree = "<group>"; };
		F0C1D24622C05BF4006268F7 /* TestCameraVC.m */ = {isa = PBXFileReference; lastKnownFileType = sourcecode.c.objc; path = TestCameraVC.m; sourceTree = "<group>"; };
		F0C1D24822C05D20006268F7 /* TCameraV.vs */ = {isa = PBXFileReference; fileEncoding = 4; lastKnownFileType = sourcecode.glsl; path = TCameraV.vs; sourceTree = "<group>"; };
		F0C1D24922C05D20006268F7 /* TCameraF.fs */ = {isa = PBXFileReference; fileEncoding = 4; lastKnownFileType = sourcecode.glsl; path = TCameraF.fs; sourceTree = "<group>"; };
/* End PBXFileReference section */

/* Begin PBXFrameworksBuildPhase section */
		F0815E79229F6117003FB676 /* Frameworks */ = {
			isa = PBXFrameworksBuildPhase;
			buildActionMask = 2147483647;
			files = (
			);
			runOnlyForDeploymentPostprocessing = 0;
		};
/* End PBXFrameworksBuildPhase section */

/* Begin PBXGroup section */
		F034FFB922A7A6D0003C218A /* res */ = {
			isa = PBXGroup;
			children = (
				F034FFBA22A7A6D0003C218A /* Earth512x256.jpg */,
				F034FFBB22A7A6D0003C218A /* sphere.h */,
				F034FFBC22A7A6D0003C218A /* sphere.obj */,
				F034FFBD22A7A6D0003C218A /* Moon256x128.png */,
			);
			path = res;
			sourceTree = "<group>";
		};
		F05A1BE022A0BD6500E6637C /* Utils */ = {
			isa = PBXGroup;
			children = (
				F0B8030C22BA188400F6D001 /* ksMatrix.c */,
				F0B8030B22BA188400F6D001 /* ksMatrix.h */,
				F0B8030922BA188400F6D001 /* ksVector.c */,
				F0B8030A22BA188400F6D001 /* ksVector.h */,
			);
			path = Utils;
			sourceTree = "<group>";
		};
		F05A1BE922A0DF3500E6637C /* 1 */ = {
			isa = PBXGroup;
			children = (
				F081614F229F6E40003FB676 /* Test1VC.h */,
				F0816150229F6E40003FB676 /* Test1VC.m */,
			);
			path = 1;
			sourceTree = "<group>";
		};
		F05A1BEA22A0DF4800E6637C /* 2 */ = {
			isa = PBXGroup;
			children = (
				F0816154229FA6B5003FB676 /* Test2VC.h */,
				F0816155229FA6B5003FB676 /* Test2VC.m */,
				F0816161229FA9B7003FB676 /* Test2F.fs */,
				F0816162229FA9B7003FB676 /* Test2V.vs */,
			);
			path = 2;
			sourceTree = "<group>";
		};
		F05A1BEC22A0DF5D00E6637C /* 3 */ = {
			isa = PBXGroup;
			children = (
				F081615A229FA7A1003FB676 /* Test3VC.h */,
				F081615B229FA7A1003FB676 /* Test3VC.m */,
				F05A1BDC22A0B5CE00E6637C /* Test3v.vs */,
				F05A1BDE22A0B5DD00E6637C /* Test3f.fs */,
			);
			path = 3;
			sourceTree = "<group>";
		};
		F05A1BEE22A1154F00E6637C /* 4 */ = {
			isa = PBXGroup;
			children = (
				F05A1BF622A1217C00E6637C /* Test4VC.h */,
				F05A1BF722A1217C00E6637C /* Test4VC.m */,
				F05A1BF222A1207900E6637C /* Test4v.vs */,
				F05A1BF422A1209900E6637C /* Test4f.fs */,
			);
			path = 4;
			sourceTree = "<group>";
		};
		F0630C2A22A7537A00512D16 /* 5 */ = {
			isa = PBXGroup;
			children = (
				F034FFB922A7A6D0003C218A /* res */,
				F0630C2E22A75A9600512D16 /* demo */,
			);
			path = 5;
			sourceTree = "<group>";
		};
		F0630C2E22A75A9600512D16 /* demo */ = {
			isa = PBXGroup;
			children = (
				F0630C2B22A753B600512D16 /* MHVertexAttribArrayBuffer.h */,
				F0630C2C22A753B600512D16 /* MHVertexAttribArrayBuffer.m */,
				F034FFC122A7A70C003C218A /* Test_5VC.h */,
				F034FFC222A7A70C003C218A /* Test_5VC.m */,
			);
			path = demo;
			sourceTree = "<group>";
		};
		F06602BE22C1B9E400EF6D88 /* Lighting */ = {
			isa = PBXGroup;
			children = (
				F06602BF22C1B9F600EF6D88 /* colors */,
				F07B3D9422C30B56007658A6 /* BasicLighting */,
			);
			path = Lighting;
			sourceTree = "<group>";
		};
		F06602BF22C1B9F600EF6D88 /* colors */ = {
			isa = PBXGroup;
			children = (
				F06602C422C1BAA200EF6D88 /* ColorsVC.h */,
				F06602C522C1BAA200EF6D88 /* ColorsVC.m */,
				F06602C722C1BC5F00EF6D88 /* 1_color_f.fs */,
				F06602C822C1BC5F00EF6D88 /* 1_color_v.vs */,
				F06602C922C1BC5F00EF6D88 /* 1_lamp_f.fs */,
				F06602CA22C1BC5F00EF6D88 /* 1_lamp_v.vs */,
			);
			path = colors;
			sourceTree = "<group>";
		};
		F06602C022C1BA0D00EF6D88 /* list */ = {
			isa = PBXGroup;
			children = (
				F0C1D23722C05866006268F7 /* ListVC1.h */,
				F0C1D23822C05866006268F7 /* ListVC1.m */,
				F0C1D23A22C05883006268F7 /* ListVC2.h */,
				F0C1D23B22C05883006268F7 /* ListVC2.m */,
				F06602C122C1BA2A00EF6D88 /* ListVC3.h */,
				F06602C222C1BA2A00EF6D88 /* ListVC3.m */,
			);
			path = list;
			sourceTree = "<group>";
		};
		F0787DBF22B223D800B98E60 /* 7 */ = {
			isa = PBXGroup;
			children = (
				F0787DC022B223FC00B98E60 /* Test7VC.h */,
				F0787DC122B223FC00B98E60 /* Test7VC.m */,
				F0787DC322B2269100B98E60 /* test7f.fs */,
				F0787DC422B2269100B98E60 /* test7v.vs */,
			);
			path = 7;
			sourceTree = "<group>";
		};
		F0787DC722B22E8600B98E60 /* 8 */ = {
			isa = PBXGroup;
			children = (
				F0787DC822B22E9200B98E60 /* Test8VC.h */,
				F0787DC922B22E9200B98E60 /* Test8VC.m */,
				F0787DCC22B22F3B00B98E60 /* test8f.fs */,
				F0787DCB22B22F3B00B98E60 /* test8v.vs */,
			);
			path = 8;
			sourceTree = "<group>";
		};
		F07B3D9422C30B56007658A6 /* BasicLighting */ = {
			isa = PBXGroup;
			children = (
				F07B3D9522C30B72007658A6 /* BasicLightingVC.h */,
				F07B3D9622C30B72007658A6 /* BasicLightingVC.m */,
				F07B3D9822C30CC9007658A6 /* 2_lamp_f.fs */,
				F07B3D9B22C30CCA007658A6 /* 2_lamp_v.vs */,
				F07B3D9A22C30CCA007658A6 /* 2_obj_f.fs */,
				F07B3D9922C30CCA007658A6 /* 2_obj_v.vs */,
			);
			path = BasicLighting;
			sourceTree = "<group>";
		};
		F0815E73229F6117003FB676 = {
			isa = PBXGroup;
			children = (
				F0815E7E229F6117003FB676 /* MHLearnOpenGLES */,
				F0815E7D229F6117003FB676 /* Products */,
			);
			sourceTree = "<group>";
		};
		F0815E7D229F6117003FB676 /* Products */ = {
			isa = PBXGroup;
			children = (
				F0815E7C229F6117003FB676 /* MHLearnOpenGLES.app */,
			);
			name = Products;
			sourceTree = "<group>";
		};
		F0815E7E229F6117003FB676 /* MHLearnOpenGLES */ = {
			isa = PBXGroup;
			children = (
				F081614C229F6DF8003FB676 /* AppDelegate */,
				F081614E229F6E23003FB676 /* Classes */,
				F0815E95229F62B8003FB676 /* Supporting Files */,
			);
			path = MHLearnOpenGLES;
			sourceTree = "<group>";
		};
		F0815E95229F62B8003FB676 /* Supporting Files */ = {
			isa = PBXGroup;
			children = (
				F0815E85229F6117003FB676 /* Main.storyboard */,
				F0815E88229F6121003FB676 /* Assets.xcassets */,
				F0815E8A229F6121003FB676 /* LaunchScreen.storyboard */,
				F0815E8D229F6121003FB676 /* Info.plist */,
				F0815E8E229F6121003FB676 /* main.m */,
			);
			name = "Supporting Files";
			sourceTree = "<group>";
		};
		F081614C229F6DF8003FB676 /* AppDelegate */ = {
			isa = PBXGroup;
			children = (
				F0815E7F229F6117003FB676 /* AppDelegate.h */,
				F0815E80229F6117003FB676 /* AppDelegate.m */,
				F0815E82229F6117003FB676 /* ViewController.h */,
				F0815E83229F6117003FB676 /* ViewController.m */,
				F06602C022C1BA0D00EF6D88 /* list */,
			);
			path = AppDelegate;
			sourceTree = "<group>";
		};
		F081614E229F6E23003FB676 /* Classes */ = {
			isa = PBXGroup;
			children = (
				F06602BE22C1B9E400EF6D88 /* Lighting */,
				F0C1D23E22C0593B006268F7 /* GettingStarted */,
				F0C1D23D22C0593B006268F7 /* Test */,
				F0C1D24022C059DA006268F7 /* Tools */,
				F0C1D23F22C0597C006268F7 /* sources */,
			);
			path = Classes;
			sourceTree = "<group>";
		};
		F0BAA28522AF36870014A7F5 /* 6 */ = {
			isa = PBXGroup;
			children = (
				F0BAA28622AF36A80014A7F5 /* Test6VC.h */,
				F0BAA28722AF36A80014A7F5 /* Test6VC.m */,
				F0BAA28A22AF76150014A7F5 /* test6f.fs */,
				F0BAA28922AF76150014A7F5 /* test6v.vs */,
				F0AFF00022B0DE1000736CBD /* test6_2f.fs */,
				F0AFF00122B0DE1000736CBD /* test6_2v.vs */,
				F0AFF00522B0DE3000736CBD /* test6_3f.fs */,
				F0AFF00422B0DE3000736CBD /* test6_3v.vs */,
			);
			path = 6;
			sourceTree = "<group>";
		};
		F0C1D23D22C0593B006268F7 /* Test */ = {
			isa = PBXGroup;
			children = (
				F05A1BE922A0DF3500E6637C /* 1 */,
				F05A1BEA22A0DF4800E6637C /* 2 */,
				F05A1BEC22A0DF5D00E6637C /* 3 */,
				F05A1BEE22A1154F00E6637C /* 4 */,
				F0630C2A22A7537A00512D16 /* 5 */,
			);
			path = Test;
			sourceTree = "<group>";
		};
		F0C1D23E22C0593B006268F7 /* GettingStarted */ = {
			isa = PBXGroup;
			children = (
				F0C1D24422C05BDF006268F7 /* Camera */,
				F0BAA28522AF36870014A7F5 /* 6 */,
				F0787DBF22B223D800B98E60 /* 7 */,
				F0787DC722B22E8600B98E60 /* 8 */,
			);
			path = GettingStarted;
			sourceTree = "<group>";
		};
		F0C1D23F22C0597C006268F7 /* sources */ = {
			isa = PBXGroup;
			children = (
				F0816152229F6EFF003FB676 /* forTest.jpeg */,
				F0787DCF22B23A9100B98E60 /* container.jpg */,
				F0AFEFFE22B0DCB100736CBD /* awesomeface.png */,
			);
			path = sources;
			sourceTree = "<group>";
		};
		F0C1D24022C059DA006268F7 /* Tools */ = {
			isa = PBXGroup;
			children = (
				F0C1D24122C05A1E006268F7 /* MHGLESTools.h */,
				F0C1D24222C05A1E006268F7 /* MHGLESTools.m */,
				F05A1BE022A0BD6500E6637C /* Utils */,
			);
			path = Tools;
			sourceTree = "<group>";
		};
		F0C1D24422C05BDF006268F7 /* Camera */ = {
			isa = PBXGroup;
			children = (
				F0C1D24522C05BF4006268F7 /* TestCameraVC.h */,
				F0C1D24622C05BF4006268F7 /* TestCameraVC.m */,
				F0C1D24922C05D20006268F7 /* TCameraF.fs */,
				F0C1D24822C05D20006268F7 /* TCameraV.vs */,
			);
			path = Camera;
			sourceTree = "<group>";
		};
/* End PBXGroup section */

/* Begin PBXNativeTarget section */
		F0815E7B229F6117003FB676 /* MHLearnOpenGLES */ = {
			isa = PBXNativeTarget;
			buildConfigurationList = F0815E92229F6121003FB676 /* Build configuration list for PBXNativeTarget "MHLearnOpenGLES" */;
			buildPhases = (
				F0815E78229F6117003FB676 /* Sources */,
				F0815E79229F6117003FB676 /* Frameworks */,
				F0815E7A229F6117003FB676 /* Resources */,
			);
			buildRules = (
			);
			dependencies = (
			);
			name = MHLearnOpenGLES;
			productName = MHLearnOpenGLES;
			productReference = F0815E7C229F6117003FB676 /* MHLearnOpenGLES.app */;
			productType = "com.apple.product-type.application";
		};
/* End PBXNativeTarget section */

/* Begin PBXProject section */
		F0815E74229F6117003FB676 /* Project object */ = {
			isa = PBXProject;
			attributes = {
				LastUpgradeCheck = 1020;
				ORGANIZATIONNAME = mh;
				TargetAttributes = {
					F0815E7B229F6117003FB676 = {
						CreatedOnToolsVersion = 10.2.1;
					};
				};
			};
			buildConfigurationList = F0815E77229F6117003FB676 /* Build configuration list for PBXProject "MHLearnOpenGLES" */;
			compatibilityVersion = "Xcode 9.3";
			developmentRegion = en;
			hasScannedForEncodings = 0;
			knownRegions = (
				en,
				Base,
			);
			mainGroup = F0815E73229F6117003FB676;
			productRefGroup = F0815E7D229F6117003FB676 /* Products */;
			projectDirPath = "";
			projectRoot = "";
			targets = (
				F0815E7B229F6117003FB676 /* MHLearnOpenGLES */,
			);
		};
/* End PBXProject section */

/* Begin PBXResourcesBuildPhase section */
		F0815E7A229F6117003FB676 /* Resources */ = {
			isa = PBXResourcesBuildPhase;
			buildActionMask = 2147483647;
			files = (
				F0BAA28B22AF76150014A7F5 /* test6v.vs in Resources */,
				F0816164229FA9B7003FB676 /* Test2V.vs in Resources */,
				F07B3D9C22C30CCA007658A6 /* 2_lamp_f.fs in Resources */,
				F05A1BDF22A0B5DD00E6637C /* Test3f.fs in Resources */,
				F034FFBE22A7A6D0003C218A /* Earth512x256.jpg in Resources */,
				F0AFEFFF22B0DCB100736CBD /* awesomeface.png in Resources */,
				F0AFF00622B0DE3000736CBD /* test6_3v.vs in Resources */,
				F05A1BDD22A0B5CE00E6637C /* Test3v.vs in Resources */,
				F0816153229F6EFF003FB676 /* forTest.jpeg in Resources */,
				F0787DC522B2269100B98E60 /* test7f.fs in Resources */,
				F0AFF00322B0DE1000736CBD /* test6_2v.vs in Resources */,
				F07B3D9D22C30CCA007658A6 /* 2_obj_v.vs in Resources */,
				F05A1BF522A1209900E6637C /* Test4f.fs in Resources */,
				F0C1D24A22C05D20006268F7 /* TCameraV.vs in Resources */,
				F0815E8C229F6121003FB676 /* LaunchScreen.storyboard in Resources */,
				F0816163229FA9B7003FB676 /* Test2F.fs in Resources */,
				F06602CE22C1BC5F00EF6D88 /* 1_lamp_v.vs in Resources */,
				F0BAA28C22AF76150014A7F5 /* test6f.fs in Resources */,
				F07B3D9E22C30CCA007658A6 /* 2_obj_f.fs in Resources */,
				F06602CD22C1BC5F00EF6D88 /* 1_lamp_f.fs in Resources */,
				F0787DCE22B22F3B00B98E60 /* test8f.fs in Resources */,
				F0787DC622B2269100B98E60 /* test7v.vs in Resources */,
				F034FFC022A7A6D0003C218A /* Moon256x128.png in Resources */,
				F05A1BF322A1207900E6637C /* Test4v.vs in Resources */,
				F0787DCD22B22F3B00B98E60 /* test8v.vs in Resources */,
				F0815E89229F6121003FB676 /* Assets.xcassets in Resources */,
				F0AFF00722B0DE3000736CBD /* test6_3f.fs in Resources */,
				F034FFBF22A7A6D0003C218A /* sphere.obj in Resources */,
				F07B3D9F22C30CCA007658A6 /* 2_lamp_v.vs in Resources */,
				F06602CB22C1BC5F00EF6D88 /* 1_color_f.fs in Resources */,
				F06602CC22C1BC5F00EF6D88 /* 1_color_v.vs in Resources */,
				F0AFF00222B0DE1000736CBD /* test6_2f.fs in Resources */,
				F0C1D24B22C05D20006268F7 /* TCameraF.fs in Resources */,
				F0787DD022B23A9200B98E60 /* container.jpg in Resources */,
				F0815E87229F6117003FB676 /* Main.storyboard in Resources */,
			);
			runOnlyForDeploymentPostprocessing = 0;
		};
/* End PBXResourcesBuildPhase section */

/* Begin PBXSourcesBuildPhase section */
		F0815E78229F6117003FB676 /* Sources */ = {
			isa = PBXSourcesBuildPhase;
			buildActionMask = 2147483647;
			files = (
				F07B3D9722C30B72007658A6 /* BasicLightingVC.m in Sources */,
				F05A1BED22A0E02B00E6637C /* Test3VC.m in Sources */,
				F0815E84229F6117003FB676 /* ViewController.m in Sources */,
				F0815E8F229F6121003FB676 /* main.m in Sources */,
				F0787DCA22B22E9200B98E60 /* Test8VC.m in Sources */,
				F0C1D23922C05866006268F7 /* ListVC1.m in Sources */,
				F0816156229FA6B5003FB676 /* Test2VC.m in Sources */,
				F0630C2D22A753B600512D16 /* MHVertexAttribArrayBuffer.m in Sources */,
				F0C1D24722C05BF4006268F7 /* TestCameraVC.m in Sources */,
				F06602C622C1BAA200EF6D88 /* ColorsVC.m in Sources */,
				F0B8030E22BA188400F6D001 /* ksMatrix.c in Sources */,
				F0C1D23C22C05883006268F7 /* ListVC2.m in Sources */,
				F034FFC322A7A70C003C218A /* Test_5VC.m in Sources */,
				F0816151229F6E40003FB676 /* Test1VC.m in Sources */,
				F06602C322C1BA2A00EF6D88 /* ListVC3.m in Sources */,
				F0BAA28822AF36A80014A7F5 /* Test6VC.m in Sources */,
				F0B8030D22BA188400F6D001 /* ksVector.c in Sources */,
				F0787DC222B223FC00B98E60 /* Test7VC.m in Sources */,
				F0815E81229F6117003FB676 /* AppDelegate.m in Sources */,
				F0C1D24322C05A1E006268F7 /* MHGLESTools.m in Sources */,
				F05A1BF822A1217C00E6637C /* Test4VC.m in Sources */,
			);
			runOnlyForDeploymentPostprocessing = 0;
		};
/* End PBXSourcesBuildPhase section */

/* Begin PBXVariantGroup section */
		F0815E85229F6117003FB676 /* Main.storyboard */ = {
			isa = PBXVariantGroup;
			children = (
				F0815E86229F6117003FB676 /* Base */,
			);
			name = Main.storyboard;
			sourceTree = "<group>";
		};
		F0815E8A229F6121003FB676 /* LaunchScreen.storyboard */ = {
			isa = PBXVariantGroup;
			children = (
				F0815E8B229F6121003FB676 /* Base */,
			);
			name = LaunchScreen.storyboard;
			sourceTree = "<group>";
		};
/* End PBXVariantGroup section */

/* Begin XCBuildConfiguration section */
		F0815E90229F6121003FB676 /* Debug */ = {
			isa = XCBuildConfiguration;
			buildSettings = {
				ALWAYS_SEARCH_USER_PATHS = NO;
				CLANG_ANALYZER_NONNULL = YES;
				CLANG_ANALYZER_NUMBER_OBJECT_CONVERSION = YES_AGGRESSIVE;
				CLANG_CXX_LANGUAGE_STANDARD = "gnu++14";
				CLANG_CXX_LIBRARY = "libc++";
				CLANG_ENABLE_MODULES = YES;
				CLANG_ENABLE_OBJC_ARC = YES;
				CLANG_ENABLE_OBJC_WEAK = YES;
				CLANG_WARN_BLOCK_CAPTURE_AUTORELEASING = YES;
				CLANG_WARN_BOOL_CONVERSION = YES;
				CLANG_WARN_COMMA = YES;
				CLANG_WARN_CONSTANT_CONVERSION = YES;
				CLANG_WARN_DEPRECATED_OBJC_IMPLEMENTATIONS = YES;
				CLANG_WARN_DIRECT_OBJC_ISA_USAGE = YES_ERROR;
				CLANG_WARN_DOCUMENTATION_COMMENTS = YES;
				CLANG_WARN_EMPTY_BODY = YES;
				CLANG_WARN_ENUM_CONVERSION = YES;
				CLANG_WARN_INFINITE_RECURSION = YES;
				CLANG_WARN_INT_CONVERSION = YES;
				CLANG_WARN_NON_LITERAL_NULL_CONVERSION = YES;
				CLANG_WARN_OBJC_IMPLICIT_RETAIN_SELF = YES;
				CLANG_WARN_OBJC_LITERAL_CONVERSION = YES;
				CLANG_WARN_OBJC_ROOT_CLASS = YES_ERROR;
				CLANG_WARN_RANGE_LOOP_ANALYSIS = YES;
				CLANG_WARN_STRICT_PROTOTYPES = YES;
				CLANG_WARN_SUSPICIOUS_MOVE = YES;
				CLANG_WARN_UNGUARDED_AVAILABILITY = YES_AGGRESSIVE;
				CLANG_WARN_UNREACHABLE_CODE = YES;
				CLANG_WARN__DUPLICATE_METHOD_MATCH = YES;
				CODE_SIGN_IDENTITY = "iPhone Developer";
				COPY_PHASE_STRIP = NO;
				DEBUG_INFORMATION_FORMAT = dwarf;
				ENABLE_STRICT_OBJC_MSGSEND = YES;
				ENABLE_TESTABILITY = YES;
				GCC_C_LANGUAGE_STANDARD = gnu11;
				GCC_DYNAMIC_NO_PIC = NO;
				GCC_NO_COMMON_BLOCKS = YES;
				GCC_OPTIMIZATION_LEVEL = 0;
				GCC_PREPROCESSOR_DEFINITIONS = (
					"DEBUG=1",
					"$(inherited)",
				);
				GCC_WARN_64_TO_32_BIT_CONVERSION = YES;
				GCC_WARN_ABOUT_RETURN_TYPE = YES_ERROR;
				GCC_WARN_UNDECLARED_SELECTOR = YES;
				GCC_WARN_UNINITIALIZED_AUTOS = YES_AGGRESSIVE;
				GCC_WARN_UNUSED_FUNCTION = YES;
				GCC_WARN_UNUSED_VARIABLE = YES;
				IPHONEOS_DEPLOYMENT_TARGET = 12.2;
				MTL_ENABLE_DEBUG_INFO = INCLUDE_SOURCE;
				MTL_FAST_MATH = YES;
				ONLY_ACTIVE_ARCH = YES;
				SDKROOT = iphoneos;
			};
			name = Debug;
		};
		F0815E91229F6121003FB676 /* Release */ = {
			isa = XCBuildConfiguration;
			buildSettings = {
				ALWAYS_SEARCH_USER_PATHS = NO;
				CLANG_ANALYZER_NONNULL = YES;
				CLANG_ANALYZER_NUMBER_OBJECT_CONVERSION = YES_AGGRESSIVE;
				CLANG_CXX_LANGUAGE_STANDARD = "gnu++14";
				CLANG_CXX_LIBRARY = "libc++";
				CLANG_ENABLE_MODULES = YES;
				CLANG_ENABLE_OBJC_ARC = YES;
				CLANG_ENABLE_OBJC_WEAK = YES;
				CLANG_WARN_BLOCK_CAPTURE_AUTORELEASING = YES;
				CLANG_WARN_BOOL_CONVERSION = YES;
				CLANG_WARN_COMMA = YES;
				CLANG_WARN_CONSTANT_CONVERSION = YES;
				CLANG_WARN_DEPRECATED_OBJC_IMPLEMENTATIONS = YES;
				CLANG_WARN_DIRECT_OBJC_ISA_USAGE = YES_ERROR;
				CLANG_WARN_DOCUMENTATION_COMMENTS = YES;
				CLANG_WARN_EMPTY_BODY = YES;
				CLANG_WARN_ENUM_CONVERSION = YES;
				CLANG_WARN_INFINITE_RECURSION = YES;
				CLANG_WARN_INT_CONVERSION = YES;
				CLANG_WARN_NON_LITERAL_NULL_CONVERSION = YES;
				CLANG_WARN_OBJC_IMPLICIT_RETAIN_SELF = YES;
				CLANG_WARN_OBJC_LITERAL_CONVERSION = YES;
				CLANG_WARN_OBJC_ROOT_CLASS = YES_ERROR;
				CLANG_WARN_RANGE_LOOP_ANALYSIS = YES;
				CLANG_WARN_STRICT_PROTOTYPES = YES;
				CLANG_WARN_SUSPICIOUS_MOVE = YES;
				CLANG_WARN_UNGUARDED_AVAILABILITY = YES_AGGRESSIVE;
				CLANG_WARN_UNREACHABLE_CODE = YES;
				CLANG_WARN__DUPLICATE_METHOD_MATCH = YES;
				CODE_SIGN_IDENTITY = "iPhone Developer";
				COPY_PHASE_STRIP = NO;
				DEBUG_INFORMATION_FORMAT = "dwarf-with-dsym";
				ENABLE_NS_ASSERTIONS = NO;
				ENABLE_STRICT_OBJC_MSGSEND = YES;
				GCC_C_LANGUAGE_STANDARD = gnu11;
				GCC_NO_COMMON_BLOCKS = YES;
				GCC_WARN_64_TO_32_BIT_CONVERSION = YES;
				GCC_WARN_ABOUT_RETURN_TYPE = YES_ERROR;
				GCC_WARN_UNDECLARED_SELECTOR = YES;
				GCC_WARN_UNINITIALIZED_AUTOS = YES_AGGRESSIVE;
				GCC_WARN_UNUSED_FUNCTION = YES;
				GCC_WARN_UNUSED_VARIABLE = YES;
				IPHONEOS_DEPLOYMENT_TARGET = 12.2;
				MTL_ENABLE_DEBUG_INFO = NO;
				MTL_FAST_MATH = YES;
				SDKROOT = iphoneos;
				VALIDATE_PRODUCT = YES;
			};
			name = Release;
		};
		F0815E93229F6121003FB676 /* Debug */ = {
			isa = XCBuildConfiguration;
			buildSettings = {
				ASSETCATALOG_COMPILER_APPICON_NAME = AppIcon;
				CODE_SIGN_STYLE = Automatic;
				DEVELOPMENT_TEAM = 79MJSMMJTD;
				INFOPLIST_FILE = MHLearnOpenGLES/Info.plist;
				IPHONEOS_DEPLOYMENT_TARGET = 8.0;
				LD_RUNPATH_SEARCH_PATHS = (
					"$(inherited)",
					"@executable_path/Frameworks",
				);
				PRODUCT_BUNDLE_IDENTIFIER = com.yxrobot.MHLearnOpenGLES;
				PRODUCT_NAME = "$(TARGET_NAME)";
				TARGETED_DEVICE_FAMILY = 1;
			};
			name = Debug;
		};
		F0815E94229F6121003FB676 /* Release */ = {
			isa = XCBuildConfiguration;
			buildSettings = {
				ASSETCATALOG_COMPILER_APPICON_NAME = AppIcon;
				CODE_SIGN_STYLE = Automatic;
				DEVELOPMENT_TEAM = 79MJSMMJTD;
				INFOPLIST_FILE = MHLearnOpenGLES/Info.plist;
				IPHONEOS_DEPLOYMENT_TARGET = 8.0;
				LD_RUNPATH_SEARCH_PATHS = (
					"$(inherited)",
					"@executable_path/Frameworks",
				);
				PRODUCT_BUNDLE_IDENTIFIER = com.yxrobot.MHLearnOpenGLES;
				PRODUCT_NAME = "$(TARGET_NAME)";
				TARGETED_DEVICE_FAMILY = 1;
			};
			name = Release;
		};
/* End XCBuildConfiguration section */

/* Begin XCConfigurationList section */
		F0815E77229F6117003FB676 /* Build configuration list for PBXProject "MHLearnOpenGLES" */ = {
			isa = XCConfigurationList;
			buildConfigurations = (
				F0815E90229F6121003FB676 /* Debug */,
				F0815E91229F6121003FB676 /* Release */,
			);
			defaultConfigurationIsVisible = 0;
			defaultConfigurationName = Release;
		};
		F0815E92229F6121003FB676 /* Build configuration list for PBXNativeTarget "MHLearnOpenGLES" */ = {
			isa = XCConfigurationList;
			buildConfigurations = (
				F0815E93229F6121003FB676 /* Debug */,
				F0815E94229F6121003FB676 /* Release */,
			);
			defaultConfigurationIsVisible = 0;
			defaultConfigurationName = Release;
		};
/* End XCConfigurationList section */
	};
	rootObject = F0815E74229F6117003FB676 /* Project object */;
}
